
Microsoft Visual Studio Solution File, Format Version 12.00
# Visual Studio Version 17
VisualStudioVersion = 17.13.35806.99 d17.13
MinimumVisualStudioVersion = 10.0.40219.1
Project("{FAE04EC0-301F-11D3-BF4B-00C04F79EFBC}") = "tpmodul8_103022300030", "tpmodul8_103022300030.csproj", "{A6CFFADB-422B-4FFC-A7C6-8213F3193989}"
EndProject
Global
	GlobalSection(SolutionConfigurationPlatforms) = preSolution
		Debug|Any CPU = Debug|Any CPU
		Release|Any CPU = Release|Any CPU
	EndGlobalSection
	GlobalSection(ProjectConfigurationPlatforms) = postSolution
		{A6CFFADB-422B-4FFC-A7C6-8213F3193989}.Debug|Any CPU.ActiveCfg = Debug|Any CPU
		{A6CFFADB-422B-4FFC-A7C6-8213F3193989}.Debug|Any CPU.Build.0 = Debug|Any CPU
		{A6CFFADB-422B-4FFC-A7C6-8213F3193989}.Release|Any CPU.ActiveCfg = Release|Any CPU
		{A6CFFADB-422B-4FFC-A7C6-8213F3193989}.Release|Any CPU.Build.0 = Release|Any CPU
	EndGlobalSection
	GlobalSection(SolutionProperties) = preSolution
		HideSolutionNode = FALSE
	EndGlobalSection
	GlobalSection(ExtensibilityGlobals) = postSolution
		SolutionGuid = {72A91BFB-028F-4FE1-9BCE-2C96E41BBEB6}
	EndGlobalSection
EndGlobal
